github.com/Station-Manager/errors v0.0.4 h1:O96R3XeyXR920rsr64DF/FwZnKtb+4tLkZ66QY+7FsQ=
github.com/Station-Manager/errors v0.0.4/go.mod h1:yedsGkIKLyDEUhkm7VrjwE2Qq6Jdlq0MpwEjdDhBwh0=
github.com/Station-Manager/types v0.0.18 h1:5SSzNM4gyd6640aVX7BHH63oelBRXDYkja6yKF4i1TQ=
github.com/Station-Manager/types v0.0.18/go.mod h1:lbrQKhO/l5BDSyaVEaA8YYnPvmeiUEoZP6waaP/c7WE=
github.com/Station-Manager/utils v0.0.2 h1:/YHe/Yvx03eTBoBoSN2YnyEF/Zy67NKeahRcapkfqLQ=
github.com/Station-Manager/utils v0.0.2/go.mod h1:6J2fGU4xpoe1PpLEWfgUs8fjKp/+v7wCzpvek2jiWpI=
github.com/goccy/go-json v0.10.5 h1:Fq85nIqj+gXn/S5ahsiTlK3TmC85qgirsdTP/+DeaC4=
github.com/goccy/go-json v0.10.5/go.mod h1:oq7eo15ShAhp70Anwd5lgX2pLfOS3QCiwU/PULtXL6M=
golang.org/x/net v0.47.0 h1:Mx+4dIFzqraBXUugkia1OOvlD6LemFo1ALMHjrXDOhY=
golang.org/x/net v0.47.0/go.mod h1:/jNxtkgq5yWUGYkaZGqo27cfGZ1c5Nen03aYrrKpVRU=
golang.org/x/text v0.31.0 h1:aC8ghyu4JhP8VojJ2lEHBnochRno1sgL6nEi9WGFGMM=
golang.org/x/text v0.31.0/go.mod h1:tKRAlv61yKIjGGHX/4tP1LTbc13YSec1pxVEWXzfoeM=
